
Microsoft Visual Studio Solution File, Format Version 12.00
# Visual Studio Version 16
VisualStudioVersion = 16.0.31613.86
MinimumVisualStudioVersion = 10.0.40219.1
Project("{FAE04EC0-301F-11D3-BF4B-00C04F79EFBC}") = "Clase0410", "Clase0410\Clase0410.csproj", "{423CE2F6-F2C4-4B0D-9961-52D6A831549F}"
EndProject
Global
	GlobalSection(SolutionConfigurationPlatforms) = preSolution
		Debug|Any CPU = Debug|Any CPU
		Release|Any CPU = Release|Any CPU
	EndGlobalSection
	GlobalSection(ProjectConfigurationPlatforms) = postSolution
		{423CE2F6-F2C4-4B0D-9961-52D6A831549F}.Debug|Any CPU.ActiveCfg = Debug|Any CPU
		{423CE2F6-F2C4-4B0D-9961-52D6A831549F}.Debug|Any CPU.Build.0 = Debug|Any CPU
		{423CE2F6-F2C4-4B0D-9961-52D6A831549F}.Release|Any CPU.ActiveCfg = Release|Any CPU
		{423CE2F6-F2C4-4B0D-9961-52D6A831549F}.Release|Any CPU.Build.0 = Release|Any CPU
	EndGlobalSection
	GlobalSection(SolutionProperties) = preSolution
		HideSolutionNode = FALSE
	EndGlobalSection
	GlobalSection(ExtensibilityGlobals) = postSolution
		SolutionGuid = {87D0F676-5362-496A-994A-F9F5AA71D663}
	EndGlobalSection
EndGlobal
